// !$*UTF8*$!
{
	archiveVersion = 1;
	classes = {
	};
	objectVersion = 50;
	objects = {

/* Begin PBXBuildFile section */
		2235F8FD21B72CAB003356A5 /* AppDelegate.swift in Sources */ = {isa = PBXBuildFile; fileRef = 2235F8FC21B72CAB003356A5 /* AppDelegate.swift */; };
		2235F8FF21B72CAB003356A5 /* LoginViewController.swift in Sources */ = {isa = PBXBuildFile; fileRef = 2235F8FE21B72CAB003356A5 /* LoginViewController.swift */; };
		2235F90221B72CAB003356A5 /* Main.storyboard in Resources */ = {isa = PBXBuildFile; fileRef = 2235F90021B72CAB003356A5 /* Main.storyboard */; };
		2235F90421B72CAD003356A5 /* Assets.xcassets in Resources */ = {isa = PBXBuildFile; fileRef = 2235F90321B72CAD003356A5 /* Assets.xcassets */; };
		2235F90721B72CAD003356A5 /* LaunchScreen.storyboard in Resources */ = {isa = PBXBuildFile; fileRef = 2235F90521B72CAD003356A5 /* LaunchScreen.storyboard */; };
		22F320B421B83A9E0044120A /* APIService.swift in Sources */ = {isa = PBXBuildFile; fileRef = 22F320B321B83A9E0044120A /* APIService.swift */; };
		22F320B621B844410044120A /* User.swift in Sources */ = {isa = PBXBuildFile; fileRef = 22F320B521B844410044120A /* User.swift */; };
		22F320B821B8454F0044120A /* testUser.json in Resources */ = {isa = PBXBuildFile; fileRef = 22F320B721B8454F0044120A /* testUser.json */; };
		22F320BA21B849220044120A /* APIServiceTests.swift in Sources */ = {isa = PBXBuildFile; fileRef = 22F320B921B849220044120A /* APIServiceTests.swift */; };
		22F320BC21B852C00044120A /* GradientView.swift in Sources */ = {isa = PBXBuildFile; fileRef = 22F320BB21B852C00044120A /* GradientView.swift */; };
		22F320BE21B85BAC0044120A /* LoginViewModel.swift in Sources */ = {isa = PBXBuildFile; fileRef = 22F320BD21B85BAC0044120A /* LoginViewModel.swift */; };
		22F320C021B87A8C0044120A /* LoginViewModelTests.swift in Sources */ = {isa = PBXBuildFile; fileRef = 22F320BF21B87A8C0044120A /* LoginViewModelTests.swift */; };
		22F320C321B999940044120A /* DashboardViewController.swift in Sources */ = {isa = PBXBuildFile; fileRef = 22F320C221B999940044120A /* DashboardViewController.swift */; };
		22F320C521B999DA0044120A /* DashboardViewModel.swift in Sources */ = {isa = PBXBuildFile; fileRef = 22F320C421B999DA0044120A /* DashboardViewModel.swift */; };
		22F320C821BADC640044120A /* StringExtensions.swift in Sources */ = {isa = PBXBuildFile; fileRef = 22F320C721BADC640044120A /* StringExtensions.swift */; };
/* End PBXBuildFile section */

/* Begin PBXContainerItemProxy section */
		2235F90E21B72CAD003356A5 /* PBXContainerItemProxy */ = {
			isa = PBXContainerItemProxy;
			containerPortal = 2235F8F121B72CAB003356A5 /* Project object */;
			proxyType = 1;
			remoteGlobalIDString = 2235F8F821B72CAB003356A5;
			remoteInfo = JWHDemo;
		};
/* End PBXContainerItemProxy section */

/* Begin PBXFileReference section */
		2235F8F921B72CAB003356A5 /* JWHDemo.app */ = {isa = PBXFileReference; explicitFileType = wrapper.application; includeInIndex = 0; path = JWHDemo.app; sourceTree = BUILT_PRODUCTS_DIR; };
		2235F8FC21B72CAB003356A5 /* AppDelegate.swift */ = {isa = PBXFileReference; lastKnownFileType = sourcecode.swift; path = AppDelegate.swift; sourceTree = "<group>"; };
		2235F8FE21B72CAB003356A5 /* LoginViewController.swift */ = {isa = PBXFileReference; lastKnownFileType = sourcecode.swift; path = LoginViewController.swift; sourceTree = "<group>"; };
		2235F90121B72CAB003356A5 /* Base */ = {isa = PBXFileReference; lastKnownFileType = file.storyboard; name = Base; path = Base.lproj/Main.storyboard; sourceTree = "<group>"; };
		2235F90321B72CAD003356A5 /* Assets.xcassets */ = {isa = PBXFileReference; lastKnownFileType = folder.assetcatalog; path = Assets.xcassets; sourceTree = "<group>"; };
		2235F90621B72CAD003356A5 /* Base */ = {isa = PBXFileReference; lastKnownFileType = file.storyboard; name = Base; path = Base.lproj/LaunchScreen.storyboard; sourceTree = "<group>"; };
		2235F90821B72CAD003356A5 /* Info.plist */ = {isa = PBXFileReference; lastKnownFileType = text.plist.xml; path = Info.plist; sourceTree = "<group>"; };
		2235F90D21B72CAD003356A5 /* JWHDemoTests.xctest */ = {isa = PBXFileReference; explicitFileType = wrapper.cfbundle; includeInIndex = 0; path = JWHDemoTests.xctest; sourceTree = BUILT_PRODUCTS_DIR; };
		2235F91321B72CAD003356A5 /* Info.plist */ = {isa = PBXFileReference; lastKnownFileType = text.plist.xml; path = Info.plist; sourceTree = "<group>"; };
		22F320B321B83A9E0044120A /* APIService.swift */ = {isa = PBXFileReference; lastKnownFileType = sourcecode.swift; path = APIService.swift; sourceTree = "<group>"; };
		22F320B521B844410044120A /* User.swift */ = {isa = PBXFileReference; lastKnownFileType = sourcecode.swift; path = User.swift; sourceTree = "<group>"; };
		22F320B721B8454F0044120A /* testUser.json */ = {isa = PBXFileReference; lastKnownFileType = text.json; path = testUser.json; sourceTree = "<group>"; };
		22F320B921B849220044120A /* APIServiceTests.swift */ = {isa = PBXFileReference; lastKnownFileType = sourcecode.swift; path = APIServiceTests.swift; sourceTree = "<group>"; };
		22F320BB21B852C00044120A /* GradientView.swift */ = {isa = PBXFileReference; fileEncoding = 4; lastKnownFileType = sourcecode.swift; path = GradientView.swift; sourceTree = "<group>"; };
		22F320BD21B85BAC0044120A /* LoginViewModel.swift */ = {isa = PBXFileReference; lastKnownFileType = sourcecode.swift; path = LoginViewModel.swift; sourceTree = "<group>"; };
		22F320BF21B87A8C0044120A /* LoginViewModelTests.swift */ = {isa = PBXFileReference; lastKnownFileType = sourcecode.swift; path = LoginViewModelTests.swift; sourceTree = "<group>"; };
		22F320C221B999940044120A /* DashboardViewController.swift */ = {isa = PBXFileReference; lastKnownFileType = sourcecode.swift; path = DashboardViewController.swift; sourceTree = "<group>"; };
		22F320C421B999DA0044120A /* DashboardViewModel.swift */ = {isa = PBXFileReference; lastKnownFileType = sourcecode.swift; path = DashboardViewModel.swift; sourceTree = "<group>"; };
		22F320C721BADC640044120A /* StringExtensions.swift */ = {isa = PBXFileReference; lastKnownFileType = sourcecode.swift; path = StringExtensions.swift; sourceTree = "<group>"; };
/* End PBXFileReference section */

/* Begin PBXFrameworksBuildPhase section */
		2235F8F621B72CAB003356A5 /* Frameworks */ = {
			isa = PBXFrameworksBuildPhase;
			buildActionMask = 2147483647;
			files = (
			);
			runOnlyForDeploymentPostprocessing = 0;
		};
		2235F90A21B72CAD003356A5 /* Frameworks */ = {
			isa = PBXFrameworksBuildPhase;
			buildActionMask = 2147483647;
			files = (
			);
			runOnlyForDeploymentPostprocessing = 0;
		};
/* End PBXFrameworksBuildPhase section */

/* Begin PBXGroup section */
		2235F8F021B72CAB003356A5 = {
			isa = PBXGroup;
			children = (
				2235F8FB21B72CAB003356A5 /* JWHDemo */,
				2235F91021B72CAD003356A5 /* JWHDemoTests */,
				2235F8FA21B72CAB003356A5 /* Products */,
			);
			sourceTree = "<group>";
		};
		2235F8FA21B72CAB003356A5 /* Products */ = {
			isa = PBXGroup;
			children = (
				2235F8F921B72CAB003356A5 /* JWHDemo.app */,
				2235F90D21B72CAD003356A5 /* JWHDemoTests.xctest */,
			);
			name = Products;
			sourceTree = "<group>";
		};
		2235F8FB21B72CAB003356A5 /* JWHDemo */ = {
			isa = PBXGroup;
			children = (
				2235F8FC21B72CAB003356A5 /* AppDelegate.swift */,
				2235F90021B72CAB003356A5 /* Main.storyboard */,
				2235F90321B72CAD003356A5 /* Assets.xcassets */,
				2235F90521B72CAD003356A5 /* LaunchScreen.storyboard */,
				2235F90821B72CAD003356A5 /* Info.plist */,
				22F320B121B834AC0044120A /* Models */,
				22F320B021B834760044120A /* Service */,
				22F320AF21B834670044120A /* Scenes */,
				22F320C621BADC550044120A /* Utils */,
			);
			path = JWHDemo;
			sourceTree = "<group>";
		};
		2235F91021B72CAD003356A5 /* JWHDemoTests */ = {
			isa = PBXGroup;
			children = (
				22F320B921B849220044120A /* APIServiceTests.swift */,
				22F320BF21B87A8C0044120A /* LoginViewModelTests.swift */,
				2235F91321B72CAD003356A5 /* Info.plist */,
			);
			path = JWHDemoTests;
			sourceTree = "<group>";
		};
		22F320AF21B834670044120A /* Scenes */ = {
			isa = PBXGroup;
			children = (
				22F320C121B999860044120A /* Dashboard */,
				22F320B221B834B30044120A /* Login */,
			);
			path = Scenes;
			sourceTree = "<group>";
		};
		22F320B021B834760044120A /* Service */ = {
			isa = PBXGroup;
			children = (
				22F320B321B83A9E0044120A /* APIService.swift */,
				22F320B721B8454F0044120A /* testUser.json */,
			);
			path = Service;
			sourceTree = "<group>";
		};
		22F320B121B834AC0044120A /* Models */ = {
			isa = PBXGroup;
			children = (
				22F320B521B844410044120A /* User.swift */,
			);
			path = Models;
			sourceTree = "<group>";
		};
		22F320B221B834B30044120A /* Login */ = {
			isa = PBXGroup;
			children = (
				22F320BB21B852C00044120A /* GradientView.swift */,
				2235F8FE21B72CAB003356A5 /* LoginViewController.swift */,
				22F320BD21B85BAC0044120A /* LoginViewModel.swift */,
			);
			path = Login;
			sourceTree = "<group>";
		};
		22F320C121B999860044120A /* Dashboard */ = {
			isa = PBXGroup;
			children = (
				22F320C221B999940044120A /* DashboardViewController.swift */,
				22F320C421B999DA0044120A /* DashboardViewModel.swift */,
			);
			path = Dashboard;
			sourceTree = "<group>";
		};
		22F320C621BADC550044120A /* Utils */ = {
			isa = PBXGroup;
			children = (
				22F320C721BADC640044120A /* StringExtensions.swift */,
			);
			path = Utils;
			sourceTree = "<group>";
		};
/* End PBXGroup section */

/* Begin PBXNativeTarget section */
		2235F8F821B72CAB003356A5 /* JWHDemo */ = {
			isa = PBXNativeTarget;
			buildConfigurationList = 2235F91621B72CAD003356A5 /* Build configuration list for PBXNativeTarget "JWHDemo" */;
			buildPhases = (
				2235F8F521B72CAB003356A5 /* Sources */,
				2235F8F621B72CAB003356A5 /* Frameworks */,
				2235F8F721B72CAB003356A5 /* Resources */,
			);
			buildRules = (
			);
			dependencies = (
			);
			name = JWHDemo;
			productName = JWHDemo;
			productReference = 2235F8F921B72CAB003356A5 /* JWHDemo.app */;
			productType = "com.apple.product-type.application";
		};
		2235F90C21B72CAD003356A5 /* JWHDemoTests */ = {
			isa = PBXNativeTarget;
			buildConfigurationList = 2235F91921B72CAD003356A5 /* Build configuration list for PBXNativeTarget "JWHDemoTests" */;
			buildPhases = (
				2235F90921B72CAD003356A5 /* Sources */,
				2235F90A21B72CAD003356A5 /* Frameworks */,
				2235F90B21B72CAD003356A5 /* Resources */,
			);
			buildRules = (
			);
			dependencies = (
				2235F90F21B72CAD003356A5 /* PBXTargetDependency */,
			);
			name = JWHDemoTests;
			productName = JWHDemoTests;
			productReference = 2235F90D21B72CAD003356A5 /* JWHDemoTests.xctest */;
			productType = "com.apple.product-type.bundle.unit-test";
		};
/* End PBXNativeTarget section */

/* Begin PBXProject section */
		2235F8F121B72CAB003356A5 /* Project object */ = {
			isa = PBXProject;
			attributes = {
				LastSwiftUpdateCheck = 1010;
				LastUpgradeCheck = 1010;
				ORGANIZATIONNAME = orbosphere;
				TargetAttributes = {
					2235F8F821B72CAB003356A5 = {
						CreatedOnToolsVersion = 10.1;
					};
					2235F90C21B72CAD003356A5 = {
						CreatedOnToolsVersion = 10.1;
						TestTargetID = 2235F8F821B72CAB003356A5;
					};
				};
			};
			buildConfigurationList = 2235F8F421B72CAB003356A5 /* Build configuration list for PBXProject "JWHDemo" */;
			compatibilityVersion = "Xcode 9.3";
			developmentRegion = en;
			hasScannedForEncodings = 0;
			knownRegions = (
				en,
				Base,
			);
			mainGroup = 2235F8F021B72CAB003356A5;
			productRefGroup = 2235F8FA21B72CAB003356A5 /* Products */;
			projectDirPath = "";
			projectRoot = "";
			targets = (
				2235F8F821B72CAB003356A5 /* JWHDemo */,
				2235F90C21B72CAD003356A5 /* JWHDemoTests */,
			);
		};
/* End PBXProject section */

/* Begin PBXResourcesBuildPhase section */
		2235F8F721B72CAB003356A5 /* Resources */ = {
			isa = PBXResourcesBuildPhase;
			buildActionMask = 2147483647;
			files = (
				22F320B821B8454F0044120A /* testUser.json in Resources */,
				2235F90721B72CAD003356A5 /* LaunchScreen.storyboard in Resources */,
				2235F90421B72CAD003356A5 /* Assets.xcassets in Resources */,
				2235F90221B72CAB003356A5 /* Main.storyboard in Resources */,
			);
			runOnlyForDeploymentPostprocessing = 0;
		};
		2235F90B21B72CAD003356A5 /* Resources */ = {
			isa = PBXResourcesBuildPhase;
			buildActionMask = 2147483647;
			files = (
			);
			runOnlyForDeploymentPostprocessing = 0;
		};
/* End PBXResourcesBuildPhase section */

/* Begin PBXSourcesBuildPhase section */
		2235F8F521B72CAB003356A5 /* Sources */ = {
			isa = PBXSourcesBuildPhase;
			buildActionMask = 2147483647;
			files = (
				22F320B621B844410044120A /* User.swift in Sources */,
				22F320C321B999940044120A /* DashboardViewController.swift in Sources */,
				2235F8FF21B72CAB003356A5 /* LoginViewController.swift in Sources */,
				22F320C821BADC640044120A /* StringExtensions.swift in Sources */,
				22F320BE21B85BAC0044120A /* LoginViewModel.swift in Sources */,
				22F320BC21B852C00044120A /* GradientView.swift in Sources */,
				22F320B421B83A9E0044120A /* APIService.swift in Sources */,
				2235F8FD21B72CAB003356A5 /* AppDelegate.swift in Sources */,
				22F320C521B999DA0044120A /* DashboardViewModel.swift in Sources */,
			);
			runOnlyForDeploymentPostprocessing = 0;
		};
		2235F90921B72CAD003356A5 /* Sources */ = {
			isa = PBXSourcesBuildPhase;
			buildActionMask = 2147483647;
			files = (
				22F320C021B87A8C0044120A /* LoginViewModelTests.swift in Sources */,
				22F320BA21B849220044120A /* APIServiceTests.swift in Sources */,
			);
			runOnlyForDeploymentPostprocessing = 0;
		};
/* End PBXSourcesBuildPhase section */

/* Begin PBXTargetDependency section */
		2235F90F21B72CAD003356A5 /* PBXTargetDependency */ = {
			isa = PBXTargetDependency;
			target = 2235F8F821B72CAB003356A5 /* JWHDemo */;
			targetProxy = 2235F90E21B72CAD003356A5 /* PBXContainerItemProxy */;
		};
/* End PBXTargetDependency section */

/* Begin PBXVariantGroup section */
		2235F90021B72CAB003356A5 /* Main.storyboard */ = {
			isa = PBXVariantGroup;
			children = (
				2235F90121B72CAB003356A5 /* Base */,
			);
			name = Main.storyboard;
			sourceTree = "<group>";
		};
		2235F90521B72CAD003356A5 /* LaunchScreen.storyboard */ = {
			isa = PBXVariantGroup;
			children = (
				2235F90621B72CAD003356A5 /* Base */,
			);
			name = LaunchScreen.storyboard;
			sourceTree = "<group>";
		};
/* End PBXVariantGroup section */

/* Begin XCBuildConfiguration section */
		2235F91421B72CAD003356A5 /* Debug */ = {
			isa = XCBuildConfiguration;
			buildSettings = {
				ALWAYS_SEARCH_USER_PATHS = NO;
				CLANG_ANALYZER_NONNULL = YES;
				CLANG_ANALYZER_NUMBER_OBJECT_CONVERSION = YES_AGGRESSIVE;
				CLANG_CXX_LANGUAGE_STANDARD = "gnu++14";
				CLANG_CXX_LIBRARY = "libc++";
				CLANG_ENABLE_MODULES = YES;
				CLANG_ENABLE_OBJC_ARC = YES;
				CLANG_ENABLE_OBJC_WEAK = YES;
				CLANG_WARN_BLOCK_CAPTURE_AUTORELEASING = YES;
				CLANG_WARN_BOOL_CONVERSION = YES;
				CLANG_WARN_COMMA = YES;
				CLANG_WARN_CONSTANT_CONVERSION = YES;
				CLANG_WARN_DEPRECATED_OBJC_IMPLEMENTATIONS = YES;
				CLANG_WARN_DIRECT_OBJC_ISA_USAGE = YES_ERROR;
				CLANG_WARN_DOCUMENTATION_COMMENTS = YES;
				CLANG_WARN_EMPTY_BODY = YES;
				CLANG_WARN_ENUM_CONVERSION = YES;
				CLANG_WARN_INFINITE_RECURSION = YES;
				CLANG_WARN_INT_CONVERSION = YES;
				CLANG_WARN_NON_LITERAL_NULL_CONVERSION = YES;
				CLANG_WARN_OBJC_IMPLICIT_RETAIN_SELF = YES;
				CLANG_WARN_OBJC_LITERAL_CONVERSION = YES;
				CLANG_WARN_OBJC_ROOT_CLASS = YES_ERROR;
				CLANG_WARN_RANGE_LOOP_ANALYSIS = YES;
				CLANG_WARN_STRICT_PROTOTYPES = YES;
				CLANG_WARN_SUSPICIOUS_MOVE = YES;
				CLANG_WARN_UNGUARDED_AVAILABILITY = YES_AGGRESSIVE;
				CLANG_WARN_UNREACHABLE_CODE = YES;
				CLANG_WARN__DUPLICATE_METHOD_MATCH = YES;
				CODE_SIGN_IDENTITY = "iPhone Developer";
				COPY_PHASE_STRIP = NO;
				DEBUG_INFORMATION_FORMAT = dwarf;
				ENABLE_STRICT_OBJC_MSGSEND = YES;
				ENABLE_TESTABILITY = YES;
				GCC_C_LANGUAGE_STANDARD = gnu11;
				GCC_DYNAMIC_NO_PIC = NO;
				GCC_NO_COMMON_BLOCKS = YES;
				GCC_OPTIMIZATION_LEVEL = 0;
				GCC_PREPROCESSOR_DEFINITIONS = (
					"DEBUG=1",
					"$(inherited)",
				);
				GCC_WARN_64_TO_32_BIT_CONVERSION = YES;
				GCC_WARN_ABOUT_RETURN_TYPE = YES_ERROR;
				GCC_WARN_UNDECLARED_SELECTOR = YES;
				GCC_WARN_UNINITIALIZED_AUTOS = YES_AGGRESSIVE;
				GCC_WARN_UNUSED_FUNCTION = YES;
				GCC_WARN_UNUSED_VARIABLE = YES;
				IPHONEOS_DEPLOYMENT_TARGET = 12.1;
				MTL_ENABLE_DEBUG_INFO = INCLUDE_SOURCE;
				MTL_FAST_MATH = YES;
				ONLY_ACTIVE_ARCH = YES;
				SDKROOT = iphoneos;
				SWIFT_ACTIVE_COMPILATION_CONDITIONS = DEBUG;
				SWIFT_OPTIMIZATION_LEVEL = "-Onone";
			};
			name = Debug;
		};
		2235F91521B72CAD003356A5 /* Release */ = {
			isa = XCBuildConfiguration;
			buildSettings = {
				ALWAYS_SEARCH_USER_PATHS = NO;
				CLANG_ANALYZER_NONNULL = YES;
				CLANG_ANALYZER_NUMBER_OBJECT_CONVERSION = YES_AGGRESSIVE;
				CLANG_CXX_LANGUAGE_STANDARD = "gnu++14";
				CLANG_CXX_LIBRARY = "libc++";
				CLANG_ENABLE_MODULES = YES;
				CLANG_ENABLE_OBJC_ARC = YES;
				CLANG_ENABLE_OBJC_WEAK = YES;
				CLANG_WARN_BLOCK_CAPTURE_AUTORELEASING = YES;
				CLANG_WARN_BOOL_CONVERSION = YES;
				CLANG_WARN_COMMA = YES;
				CLANG_WARN_CONSTANT_CONVERSION = YES;
				CLANG_WARN_DEPRECATED_OBJC_IMPLEMENTATIONS = YES;
				CLANG_WARN_DIRECT_OBJC_ISA_USAGE = YES_ERROR;
				CLANG_WARN_DOCUMENTATION_COMMENTS = YES;
				CLANG_WARN_EMPTY_BODY = YES;
				CLANG_WARN_ENUM_CONVERSION = YES;
				CLANG_WARN_INFINITE_RECURSION = YES;
				CLANG_WARN_INT_CONVERSION = YES;
				CLANG_WARN_NON_LITERAL_NULL_CONVERSION = YES;
				CLANG_WARN_OBJC_IMPLICIT_RETAIN_SELF = YES;
				CLANG_WARN_OBJC_LITERAL_CONVERSION = YES;
				CLANG_WARN_OBJC_ROOT_CLASS = YES_ERROR;
				CLANG_WARN_RANGE_LOOP_ANALYSIS = YES;
				CLANG_WARN_STRICT_PROTOTYPES = YES;
				CLANG_WARN_SUSPICIOUS_MOVE = YES;
				CLANG_WARN_UNGUARDED_AVAILABILITY = YES_AGGRESSIVE;
				CLANG_WARN_UNREACHABLE_CODE = YES;
				CLANG_WARN__DUPLICATE_METHOD_MATCH = YES;
				CODE_SIGN_IDENTITY = "iPhone Developer";
				COPY_PHASE_STRIP = NO;
				DEBUG_INFORMATION_FORMAT = "dwarf-with-dsym";
				ENABLE_NS_ASSERTIONS = NO;
				ENABLE_STRICT_OBJC_MSGSEND = YES;
				GCC_C_LANGUAGE_STANDARD = gnu11;
				GCC_NO_COMMON_BLOCKS = YES;
				GCC_WARN_64_TO_32_BIT_CONVERSION = YES;
				GCC_WARN_ABOUT_RETURN_TYPE = YES_ERROR;
				GCC_WARN_UNDECLARED_SELECTOR = YES;
				GCC_WARN_UNINITIALIZED_AUTOS = YES_AGGRESSIVE;
				GCC_WARN_UNUSED_FUNCTION = YES;
				GCC_WARN_UNUSED_VARIABLE = YES;
				IPHONEOS_DEPLOYMENT_TARGET = 12.1;
				MTL_ENABLE_DEBUG_INFO = NO;
				MTL_FAST_MATH = YES;
				SDKROOT = iphoneos;
				SWIFT_COMPILATION_MODE = wholemodule;
				SWIFT_OPTIMIZATION_LEVEL = "-O";
				VALIDATE_PRODUCT = YES;
			};
			name = Release;
		};
		2235F91721B72CAD003356A5 /* Debug */ = {
			isa = XCBuildConfiguration;
			buildSettings = {
				ASSETCATALOG_COMPILER_APPICON_NAME = AppIcon;
				CODE_SIGN_STYLE = Automatic;
				DEVELOPMENT_TEAM = JM7WWM3V8C;
				INFOPLIST_FILE = JWHDemo/Info.plist;
				LD_RUNPATH_SEARCH_PATHS = (
					"$(inherited)",
					"@executable_path/Frameworks",
				);
				PRODUCT_BUNDLE_IDENTIFIER = com.orbosphere.JWHDemo;
				PRODUCT_NAME = "$(TARGET_NAME)";
				SWIFT_VERSION = 4.2;
				TARGETED_DEVICE_FAMILY = "1,2";
			};
			name = Debug;
		};
		2235F91821B72CAD003356A5 /* Release */ = {
			isa = XCBuildConfiguration;
			buildSettings = {
				ASSETCATALOG_COMPILER_APPICON_NAME = AppIcon;
				CODE_SIGN_STYLE = Automatic;
				DEVELOPMENT_TEAM = JM7WWM3V8C;
				INFOPLIST_FILE = JWHDemo/Info.plist;
				LD_RUNPATH_SEARCH_PATHS = (
					"$(inherited)",
					"@executable_path/Frameworks",
				);
				PRODUCT_BUNDLE_IDENTIFIER = com.orbosphere.JWHDemo;
				PRODUCT_NAME = "$(TARGET_NAME)";
				SWIFT_VERSION = 4.2;
				TARGETED_DEVICE_FAMILY = "1,2";
			};
			name = Release;
		};
		2235F91A21B72CAD003356A5 /* Debug */ = {
			isa = XCBuildConfiguration;
			buildSettings = {
				ALWAYS_EMBED_SWIFT_STANDARD_LIBRARIES = YES;
				BUNDLE_LOADER = "$(TEST_HOST)";
				CODE_SIGN_STYLE = Automatic;
				DEVELOPMENT_TEAM = JM7WWM3V8C;
				INFOPLIST_FILE = JWHDemoTests/Info.plist;
				LD_RUNPATH_SEARCH_PATHS = (
					"$(inherited)",
					"@executable_path/Frameworks",
					"@loader_path/Frameworks",
				);
				PRODUCT_BUNDLE_IDENTIFIER = com.orbosphere.JWHDemoTests;
				PRODUCT_NAME = "$(TARGET_NAME)";
				SWIFT_VERSION = 4.2;
				TARGETED_DEVICE_FAMILY = "1,2";
				TEST_HOST = "$(BUILT_PRODUCTS_DIR)/JWHDemo.app/JWHDemo";
			};
			name = Debug;
		};
		2235F91B21B72CAD003356A5 /* Release */ = {
			isa = XCBuildConfiguration;
			buildSettings = {
				ALWAYS_EMBED_SWIFT_STANDARD_LIBRARIES = YES;
				BUNDLE_LOADER = "$(TEST_HOST)";
				CODE_SIGN_STYLE = Automatic;
				DEVELOPMENT_TEAM = JM7WWM3V8C;
				INFOPLIST_FILE = JWHDemoTests/Info.plist;
				LD_RUNPATH_SEARCH_PATHS = (
					"$(inherited)",
					"@executable_path/Frameworks",
					"@loader_path/Frameworks",
				);
				PRODUCT_BUNDLE_IDENTIFIER = com.orbosphere.JWHDemoTests;
				PRODUCT_NAME = "$(TARGET_NAME)";
				SWIFT_VERSION = 4.2;
				TARGETED_DEVICE_FAMILY = "1,2";
				TEST_HOST = "$(BUILT_PRODUCTS_DIR)/JWHDemo.app/JWHDemo";
			};
			name = Release;
		};
/* End XCBuildConfiguration section */

/* Begin XCConfigurationList section */
		2235F8F421B72CAB003356A5 /* Build configuration list for PBXProject "JWHDemo" */ = {
			isa = XCConfigurationList;
			buildConfigurations = (
				2235F91421B72CAD003356A5 /* Debug */,
				2235F91521B72CAD003356A5 /* Release */,
			);
			defaultConfigurationIsVisible = 0;
			defaultConfigurationName = Release;
		};
		2235F91621B72CAD003356A5 /* Build configuration list for PBXNativeTarget "JWHDemo" */ = {
			isa = XCConfigurationList;
			buildConfigurations = (
				2235F91721B72CAD003356A5 /* Debug */,
				2235F91821B72CAD003356A5 /* Release */,
			);
			defaultConfigurationIsVisible = 0;
			defaultConfigurationName = Release;
		};
		2235F91921B72CAD003356A5 /* Build configuration list for PBXNativeTarget "JWHDemoTests" */ = {
			isa = XCConfigurationList;
			buildConfigurations = (
				2235F91A21B72CAD003356A5 /* Debug */,
				2235F91B21B72CAD003356A5 /* Release */,
			);
			defaultConfigurationIsVisible = 0;
			defaultConfigurationName = Release;
		};
/* End XCConfigurationList section */
	};
	rootObject = 2235F8F121B72CAB003356A5 /* Project object */;
}
